// !$*UTF8*$!
{
	archiveVersion = 1;
	classes = {
	};
	objectVersion = 46;
	objects = {

/* Begin PBXBuildFile section */
		82E4E0281AA1A2AD00804EA4 /* AppDelegate.swift in Sources */ = {isa = PBXBuildFile; fileRef = 82E4E0271AA1A2AD00804EA4 /* AppDelegate.swift */; };
		82E4E02D1AA1A2AD00804EA4 /* Main.storyboard in Resources */ = {isa = PBXBuildFile; fileRef = 82E4E02B1AA1A2AD00804EA4 /* Main.storyboard */; };
		82E4E02F1AA1A2AD00804EA4 /* Images.xcassets in Resources */ = {isa = PBXBuildFile; fileRef = 82E4E02E1AA1A2AD00804EA4 /* Images.xcassets */; };
		82E4E0321AA1A2AD00804EA4 /* LaunchScreen.xib in Resources */ = {isa = PBXBuildFile; fileRef = 82E4E0301AA1A2AD00804EA4 /* LaunchScreen.xib */; };
		82E4E03E1AA1A2AD00804EA4 /* HappinessTests.swift in Sources */ = {isa = PBXBuildFile; fileRef = 82E4E03D1AA1A2AD00804EA4 /* HappinessTests.swift */; };
		82E4E0481AA1A31600804EA4 /* HappinessViewController.swift in Sources */ = {isa = PBXBuildFile; fileRef = 82E4E0471AA1A31600804EA4 /* HappinessViewController.swift */; };
/* End PBXBuildFile section */

/* Begin PBXContainerItemProxy section */
		82E4E0381AA1A2AD00804EA4 /* PBXContainerItemProxy */ = {
			isa = PBXContainerItemProxy;
			containerPortal = 82E4E01A1AA1A2AD00804EA4 /* Project object */;
			proxyType = 1;
			remoteGlobalIDString = 82E4E0211AA1A2AD00804EA4;
			remoteInfo = Happiness;
		};
/* End PBXContainerItemProxy section */

/* Begin PBXFileReference section */
		82E4E0221AA1A2AD00804EA4 /* Happiness.app */ = {isa = PBXFileReference; explicitFileType = wrapper.application; includeInIndex = 0; path = Happiness.app; sourceTree = BUILT_PRODUCTS_DIR; };
		82E4E0261AA1A2AD00804EA4 /* Info.plist */ = {isa = PBXFileReference; lastKnownFileType = text.plist.xml; path = Info.plist; sourceTree = "<group>"; };
		82E4E0271AA1A2AD00804EA4 /* AppDelegate.swift */ = {isa = PBXFileReference; lastKnownFileType = sourcecode.swift; path = AppDelegate.swift; sourceTree = "<group>"; };
		82E4E02C1AA1A2AD00804EA4 /* Base */ = {isa = PBXFileReference; lastKnownFileType = file.storyboard; name = Base; path = Base.lproj/Main.storyboard; sourceTree = "<group>"; };
		82E4E02E1AA1A2AD00804EA4 /* Images.xcassets */ = {isa = PBXFileReference; lastKnownFileType = folder.assetcatalog; path = Images.xcassets; sourceTree = "<group>"; };
		82E4E0311AA1A2AD00804EA4 /* Base */ = {isa = PBXFileReference; lastKnownFileType = file.xib; name = Base; path = Base.lproj/LaunchScreen.xib; sourceTree = "<group>"; };
		82E4E0371AA1A2AD00804EA4 /* HappinessTests.xctest */ = {isa = PBXFileReference; explicitFileType = wrapper.cfbundle; includeInIndex = 0; path = HappinessTests.xctest; sourceTree = BUILT_PRODUCTS_DIR; };
		82E4E03C1AA1A2AD00804EA4 /* Info.plist */ = {isa = PBXFileReference; lastKnownFileType = text.plist.xml; path = Info.plist; sourceTree = "<group>"; };
		82E4E03D1AA1A2AD00804EA4 /* HappinessTests.swift */ = {isa = PBXFileReference; lastKnownFileType = sourcecode.swift; path = HappinessTests.swift; sourceTree = "<group>"; };
		82E4E0471AA1A31600804EA4 /* HappinessViewController.swift */ = {isa = PBXFileReference; fileEncoding = 4; lastKnownFileType = sourcecode.swift; path = HappinessViewController.swift; sourceTree = "<group>"; };
/* End PBXFileReference section */

/* Begin PBXFrameworksBuildPhase section */
		82E4E01F1AA1A2AD00804EA4 /* Frameworks */ = {
			isa = PBXFrameworksBuildPhase;
			buildActionMask = 2147483647;
			files = (
			);
			runOnlyForDeploymentPostprocessing = 0;
		};
		82E4E0341AA1A2AD00804EA4 /* Frameworks */ = {
			isa = PBXFrameworksBuildPhase;
			buildActionMask = 2147483647;
			files = (
			);
			runOnlyForDeploymentPostprocessing = 0;
		};
/* End PBXFrameworksBuildPhase section */

/* Begin PBXGroup section */
		82E4E0191AA1A2AD00804EA4 = {
			isa = PBXGroup;
			children = (
				82E4E0241AA1A2AD00804EA4 /* Happiness */,
				82E4E03A1AA1A2AD00804EA4 /* HappinessTests */,
				82E4E0231AA1A2AD00804EA4 /* Products */,
			);
			sourceTree = "<group>";
		};
		82E4E0231AA1A2AD00804EA4 /* Products */ = {
			isa = PBXGroup;
			children = (
				82E4E0221AA1A2AD00804EA4 /* Happiness.app */,
				82E4E0371AA1A2AD00804EA4 /* HappinessTests.xctest */,
			);
			name = Products;
			sourceTree = "<group>";
		};
		82E4E0241AA1A2AD00804EA4 /* Happiness */ = {
			isa = PBXGroup;
			children = (
				82E4E0271AA1A2AD00804EA4 /* AppDelegate.swift */,
				82E4E0471AA1A31600804EA4 /* HappinessViewController.swift */,
				82E4E02B1AA1A2AD00804EA4 /* Main.storyboard */,
				82E4E02E1AA1A2AD00804EA4 /* Images.xcassets */,
				82E4E0301AA1A2AD00804EA4 /* LaunchScreen.xib */,
				82E4E0251AA1A2AD00804EA4 /* Supporting Files */,
			);
			path = Happiness;
			sourceTree = "<group>";
		};
		82E4E0251AA1A2AD00804EA4 /* Supporting Files */ = {
			isa = PBXGroup;
			children = (
				82E4E0261AA1A2AD00804EA4 /* Info.plist */,
			);
			name = "Supporting Files";
			sourceTree = "<group>";
		};
		82E4E03A1AA1A2AD00804EA4 /* HappinessTests */ = {
			isa = PBXGroup;
			children = (
				82E4E03D1AA1A2AD00804EA4 /* HappinessTests.swift */,
				82E4E03B1AA1A2AD00804EA4 /* Supporting Files */,
			);
			path = HappinessTests;
			sourceTree = "<group>";
		};
		82E4E03B1AA1A2AD00804EA4 /* Supporting Files */ = {
			isa = PBXGroup;
			children = (
				82E4E03C1AA1A2AD00804EA4 /* Info.plist */,
			);
			name = "Supporting Files";
			sourceTree = "<group>";
		};
/* End PBXGroup section */

/* Begin PBXNativeTarget section */
		82E4E0211AA1A2AD00804EA4 /* Happiness */ = {
			isa = PBXNativeTarget;
			buildConfigurationList = 82E4E0411AA1A2AD00804EA4 /* Build configuration list for PBXNativeTarget "Happiness" */;
			buildPhases = (
				82E4E01E1AA1A2AD00804EA4 /* Sources */,
				82E4E01F1AA1A2AD00804EA4 /* Frameworks */,
				82E4E0201AA1A2AD00804EA4 /* Resources */,
			);
			buildRules = (
			);
			dependencies = (
			);
			name = Happiness;
			productName = Happiness;
			productReference = 82E4E0221AA1A2AD00804EA4 /* Happiness.app */;
			productType = "com.apple.product-type.application";
		};
		82E4E0361AA1A2AD00804EA4 /* HappinessTests */ = {
			isa = PBXNativeTarget;
			buildConfigurationList = 82E4E0441AA1A2AD00804EA4 /* Build configuration list for PBXNativeTarget "HappinessTests" */;
			buildPhases = (
				82E4E0331AA1A2AD00804EA4 /* Sources */,
				82E4E0341AA1A2AD00804EA4 /* Frameworks */,
				82E4E0351AA1A2AD00804EA4 /* Resources */,
			);
			buildRules = (
			);
			dependencies = (
				82E4E0391AA1A2AD00804EA4 /* PBXTargetDependency */,
			);
			name = HappinessTests;
			productName = HappinessTests;
			productReference = 82E4E0371AA1A2AD00804EA4 /* HappinessTests.xctest */;
			productType = "com.apple.product-type.bundle.unit-test";
		};
/* End PBXNativeTarget section */

/* Begin PBXProject section */
		82E4E01A1AA1A2AD00804EA4 /* Project object */ = {
			isa = PBXProject;
			attributes = {
				LastUpgradeCheck = 0610;
				ORGANIZATIONNAME = avi;
				TargetAttributes = {
					82E4E0211AA1A2AD00804EA4 = {
						CreatedOnToolsVersion = 6.1;
					};
					82E4E0361AA1A2AD00804EA4 = {
						CreatedOnToolsVersion = 6.1;
						TestTargetID = 82E4E0211AA1A2AD00804EA4;
					};
				};
			};
			buildConfigurationList = 82E4E01D1AA1A2AD00804EA4 /* Build configuration list for PBXProject "Happiness" */;
			compatibilityVersion = "Xcode 3.2";
			developmentRegion = English;
			hasScannedForEncodings = 0;
			knownRegions = (
				en,
				Base,
			);
			mainGroup = 82E4E0191AA1A2AD00804EA4;
			productRefGroup = 82E4E0231AA1A2AD00804EA4 /* Products */;
			projectDirPath = "";
			projectRoot = "";
			targets = (
				82E4E0211AA1A2AD00804EA4 /* Happiness */,
				82E4E0361AA1A2AD00804EA4 /* HappinessTests */,
			);
		};
/* End PBXProject section */

/* Begin PBXResourcesBuildPhase section */
		82E4E0201AA1A2AD00804EA4 /* Resources */ = {
			isa = PBXResourcesBuildPhase;
			buildActionMask = 2147483647;
			files = (
				82E4E02D1AA1A2AD00804EA4 /* Main.storyboard in Resources */,
				82E4E0321AA1A2AD00804EA4 /* LaunchScreen.xib in Resources */,
				82E4E02F1AA1A2AD00804EA4 /* Images.xcassets in Resources */,
			);
			runOnlyForDeploymentPostprocessing = 0;
		};
		82E4E0351AA1A2AD00804EA4 /* Resources */ = {
			isa = PBXResourcesBuildPhase;
			buildActionMask = 2147483647;
			files = (
			);
			runOnlyForDeploymentPostprocessing = 0;
		};
/* End PBXResourcesBuildPhase section */

/* Begin PBXSourcesBuildPhase section */
		82E4E01E1AA1A2AD00804EA4 /* Sources */ = {
			isa = PBXSourcesBuildPhase;
			buildActionMask = 2147483647;
			files = (
				82E4E0481AA1A31600804EA4 /* HappinessViewController.swift in Sources */,
				82E4E0281AA1A2AD00804EA4 /* AppDelegate.swift in Sources */,
			);
			runOnlyForDeploymentPostprocessing = 0;
		};
		82E4E0331AA1A2AD00804EA4 /* Sources */ = {
			isa = PBXSourcesBuildPhase;
			buildActionMask = 2147483647;
			files = (
				82E4E03E1AA1A2AD00804EA4 /* HappinessTests.swift in Sources */,
			);
			runOnlyForDeploymentPostprocessing = 0;
		};
/* End PBXSourcesBuildPhase section */

/* Begin PBXTargetDependency section */
		82E4E0391AA1A2AD00804EA4 /* PBXTargetDependency */ = {
			isa = PBXTargetDependency;
			target = 82E4E0211AA1A2AD00804EA4 /* Happiness */;
			targetProxy = 82E4E0381AA1A2AD00804EA4 /* PBXContainerItemProxy */;
		};
/* End PBXTargetDependency section */

/* Begin PBXVariantGroup section */
		82E4E02B1AA1A2AD00804EA4 /* Main.storyboard */ = {
			isa = PBXVariantGroup;
			children = (
				82E4E02C1AA1A2AD00804EA4 /* Base */,
			);
			name = Main.storyboard;
			sourceTree = "<group>";
		};
		82E4E0301AA1A2AD00804EA4 /* LaunchScreen.xib */ = {
			isa = PBXVariantGroup;
			children = (
				82E4E0311AA1A2AD00804EA4 /* Base */,
			);
			name = LaunchScreen.xib;
			sourceTree = "<group>";
		};
/* End PBXVariantGroup section */

/* Begin XCBuildConfiguration section */
		82E4E03F1AA1A2AD00804EA4 /* Debug */ = {
			isa = XCBuildConfiguration;
			buildSettings = {
				ALWAYS_SEARCH_USER_PATHS = NO;
				CLANG_CXX_LANGUAGE_STANDARD = "gnu++0x";
				CLANG_CXX_LIBRARY = "libc++";
				CLANG_ENABLE_MODULES = YES;
				CLANG_ENABLE_OBJC_ARC = YES;
				CLANG_WARN_BOOL_CONVERSION = YES;
				CLANG_WARN_CONSTANT_CONVERSION = YES;
				CLANG_WARN_DIRECT_OBJC_ISA_USAGE = YES_ERROR;
				CLANG_WARN_EMPTY_BODY = YES;
				CLANG_WARN_ENUM_CONVERSION = YES;
				CLANG_WARN_INT_CONVERSION = YES;
				CLANG_WARN_OBJC_ROOT_CLASS = YES_ERROR;
				CLANG_WARN_UNREACHABLE_CODE = YES;
				CLANG_WARN__DUPLICATE_METHOD_MATCH = YES;
				"CODE_SIGN_IDENTITY[sdk=iphoneos*]" = "iPhone Developer";
				COPY_PHASE_STRIP = NO;
				ENABLE_STRICT_OBJC_MSGSEND = YES;
				GCC_C_LANGUAGE_STANDARD = gnu99;
				GCC_DYNAMIC_NO_PIC = NO;
				GCC_OPTIMIZATION_LEVEL = 0;
				GCC_PREPROCESSOR_DEFINITIONS = (
					"DEBUG=1",
					"$(inherited)",
				);
				GCC_SYMBOLS_PRIVATE_EXTERN = NO;
				GCC_WARN_64_TO_32_BIT_CONVERSION = YES;
				GCC_WARN_ABOUT_RETURN_TYPE = YES_ERROR;
				GCC_WARN_UNDECLARED_SELECTOR = YES;
				GCC_WARN_UNINITIALIZED_AUTOS = YES_AGGRESSIVE;
				GCC_WARN_UNUSED_FUNCTION = YES;
				GCC_WARN_UNUSED_VARIABLE = YES;
				IPHONEOS_DEPLOYMENT_TARGET = 8.1;
				MTL_ENABLE_DEBUG_INFO = YES;
				ONLY_ACTIVE_ARCH = YES;
				SDKROOT = iphoneos;
				SWIFT_OPTIMIZATION_LEVEL = "-Onone";
				TARGETED_DEVICE_FAMILY = "1,2";
			};
			name = Debug;
		};
		82E4E0401AA1A2AD00804EA4 /* Release */ = {
			isa = XCBuildConfiguration;
			buildSettings = {
				ALWAYS_SEARCH_USER_PATHS = NO;
				CLANG_CXX_LANGUAGE_STANDARD = "gnu++0x";
				CLANG_CXX_LIBRARY = "libc++";
				CLANG_ENABLE_MODULES = YES;
				CLANG_ENABLE_OBJC_ARC = YES;
				CLANG_WARN_BOOL_CONVERSION = YES;
				CLANG_WARN_CONSTANT_CONVERSION = YES;
				CLANG_WARN_DIRECT_OBJC_ISA_USAGE = YES_ERROR;
				CLANG_WARN_EMPTY_BODY = YES;
				CLANG_WARN_ENUM_CONVERSION = YES;
				CLANG_WARN_INT_CONVERSION = YES;
				CLANG_WARN_OBJC_ROOT_CLASS = YES_ERROR;
				CLANG_WARN_UNREACHABLE_CODE = YES;
				CLANG_WARN__DUPLICATE_METHOD_MATCH = YES;
				"CODE_SIGN_IDENTITY[sdk=iphoneos*]" = "iPhone Developer";
				COPY_PHASE_STRIP = YES;
				ENABLE_NS_ASSERTIONS = NO;
				ENABLE_STRICT_OBJC_MSGSEND = YES;
				GCC_C_LANGUAGE_STANDARD = gnu99;
				GCC_WARN_64_TO_32_BIT_CONVERSION = YES;
				GCC_WARN_ABOUT_RETURN_TYPE = YES_ERROR;
				GCC_WARN_UNDECLARED_SELECTOR = YES;
				GCC_WARN_UNINITIALIZED_AUTOS = YES_AGGRESSIVE;
				GCC_WARN_UNUSED_FUNCTION = YES;
				GCC_WARN_UNUSED_VARIABLE = YES;
				IPHONEOS_DEPLOYMENT_TARGET = 8.1;
				MTL_ENABLE_DEBUG_INFO = NO;
				SDKROOT = iphoneos;
				TARGETED_DEVICE_FAMILY = "1,2";
				VALIDATE_PRODUCT = YES;
			};
			name = Release;
		};
		82E4E0421AA1A2AD00804EA4 /* Debug */ = {
			isa = XCBuildConfiguration;
			buildSettings = {
				ASSETCATALOG_COMPILER_APPICON_NAME = AppIcon;
				INFOPLIST_FILE = Happiness/Info.plist;
				LD_RUNPATH_SEARCH_PATHS = "$(inherited) @executable_path/Frameworks";
				PRODUCT_NAME = "$(TARGET_NAME)";
			};
			name = Debug;
		};
		82E4E0431AA1A2AD00804EA4 /* Release */ = {
			isa = XCBuildConfiguration;
			buildSettings = {
				ASSETCATALOG_COMPILER_APPICON_NAME = AppIcon;
				INFOPLIST_FILE = Happiness/Info.plist;
				LD_RUNPATH_SEARCH_PATHS = "$(inherited) @executable_path/Frameworks";
				PRODUCT_NAME = "$(TARGET_NAME)";
			};
			name = Release;
		};
		82E4E0451AA1A2AD00804EA4 /* Debug */ = {
			isa = XCBuildConfiguration;
			buildSettings = {
				BUNDLE_LOADER = "$(TEST_HOST)";
				FRAMEWORK_SEARCH_PATHS = (
					"$(SDKROOT)/Developer/Library/Frameworks",
					"$(inherited)",
				);
				GCC_PREPROCESSOR_DEFINITIONS = (
					"DEBUG=1",
					"$(inherited)",
				);
				INFOPLIST_FILE = HappinessTests/Info.plist;
				LD_RUNPATH_SEARCH_PATHS = "$(inherited) @executable_path/Frameworks @loader_path/Frameworks";
				PRODUCT_NAME = "$(TARGET_NAME)";
				TEST_HOST = "$(BUILT_PRODUCTS_DIR)/Happiness.app/Happiness";
			};
			name = Debug;
		};
		82E4E0461AA1A2AD00804EA4 /* Release */ = {
			isa = XCBuildConfiguration;
			buildSettings = {
				BUNDLE_LOADER = "$(TEST_HOST)";
				FRAMEWORK_SEARCH_PATHS = (
					"$(SDKROOT)/Developer/Library/Frameworks",
					"$(inherited)",
				);
				INFOPLIST_FILE = HappinessTests/Info.plist;
				LD_RUNPATH_SEARCH_PATHS = "$(inherited) @executable_path/Frameworks @loader_path/Frameworks";
				PRODUCT_NAME = "$(TARGET_NAME)";
				TEST_HOST = "$(BUILT_PRODUCTS_DIR)/Happiness.app/Happiness";
			};
			name = Release;
		};
/* End XCBuildConfiguration section */

/* Begin XCConfigurationList section */
		82E4E01D1AA1A2AD00804EA4 /* Build configuration list for PBXProject "Happiness" */ = {
			isa = XCConfigurationList;
			buildConfigurations = (
				82E4E03F1AA1A2AD00804EA4 /* Debug */,
				82E4E0401AA1A2AD00804EA4 /* Release */,
			);
			defaultConfigurationIsVisible = 0;
			defaultConfigurationName = Release;
		};
		82E4E0411AA1A2AD00804EA4 /* Build configuration list for PBXNativeTarget "Happiness" */ = {
			isa = XCConfigurationList;
			buildConfigurations = (
				82E4E0421AA1A2AD00804EA4 /* Debug */,
				82E4E0431AA1A2AD00804EA4 /* Release */,
			);
			defaultConfigurationIsVisible = 0;
		};
		82E4E0441AA1A2AD00804EA4 /* Build configuration list for PBXNativeTarget "HappinessTests" */ = {
			isa = XCConfigurationList;
			buildConfigurations = (
				82E4E0451AA1A2AD00804EA4 /* Debug */,
				82E4E0461AA1A2AD00804EA4 /* Release */,
			);
			defaultConfigurationIsVisible = 0;
		};
/* End XCConfigurationList section */
	};
	rootObject = 82E4E01A1AA1A2AD00804EA4 /* Project object */;
}
